<?xml version="1.0" encoding="utf-8"?>
<Project ToolsVersion="4.0" xmlns="http://schemas.microsoft.com/developer/msbuild/2003">
  <ItemGroup>
    <ClCompile Include="Actions\ActionList.cpp" />
    <ClCompile Include="AddFigure\AddCircleAction.cpp" />
    <ClCompile Include="AddFigure\AddHexaAction.cpp" />
    <ClCompile Include="AddFigure\AddSquareAction.cpp" />
    <ClCompile Include="AddFigure\AddTriangleAction.cpp" />
    <ClCompile Include="Figures\CCircle.cpp" />
    <ClCompile Include="Figures\CHexagon.cpp" />
    <ClCompile Include="Move,Delete,Clear\ClearAll.cpp" />
    <ClCompile Include="CMUgraphicsLib\auxil.cpp" />
    <ClCompile Include="CMUgraphicsLib\CMUgraphics.cpp" />
    <ClCompile Include="CMUgraphicsLib\colors.cpp" />
    <ClCompile Include="CMUgraphicsLib\image.cpp" />
    <ClCompile Include="CMUgraphicsLib\jpegload.c" />
    <ClCompile Include="CMUgraphicsLib\keyqueue.cpp" />
    <ClCompile Include="CMUgraphicsLib\mousequeue.cpp" />
    <ClCompile Include="CMUgraphicsLib\windowinput.cpp" />
    <ClCompile Include="CMUgraphicsLib\jpeg\jcomapi.c" />
    <ClCompile Include="CMUgraphicsLib\jpeg\jcparam.c" />
    <ClCompile Include="CMUgraphicsLib\jpeg\jdapimin.c" />
    <ClCompile Include="CMUgraphicsLib\jpeg\jdapistd.c" />
    <ClCompile Include="CMUgraphicsLib\jpeg\jdatasrc.c" />
    <ClCompile Include="CMUgraphicsLib\jpeg\jdcoefct.c" />
    <ClCompile Include="CMUgraphicsLib\jpeg\jdcolor.c" />
    <ClCompile Include="CMUgraphicsLib\jpeg\jddctmgr.c" />
    <ClCompile Include="CMUgraphicsLib\jpeg\jdhuff.c" />
    <ClCompile Include="CMUgraphicsLib\jpeg\jdinput.c" />
    <ClCompile Include="CMUgraphicsLib\jpeg\jdmainct.c" />
    <ClCompile Include="CMUgraphicsLib\jpeg\jdmarker.c" />
    <ClCompile Include="CMUgraphicsLib\jpeg\jdmaster.c" />
    <ClCompile Include="CMUgraphicsLib\jpeg\jdmerge.c" />
    <ClCompile Include="CMUgraphicsLib\jpeg\jdphuff.c" />
    <ClCompile Include="CMUgraphicsLib\jpeg\jdpostct.c" />
    <ClCompile Include="CMUgraphicsLib\jpeg\jdsample.c" />
    <ClCompile Include="CMUgraphicsLib\jpeg\jdtrans.c" />
    <ClCompile Include="CMUgraphicsLib\jpeg\jerror.c" />
    <ClCompile Include="CMUgraphicsLib\jpeg\jidctflt.c" />
    <ClCompile Include="CMUgraphicsLib\jpeg\jidctfst.c" />
    <ClCompile Include="CMUgraphicsLib\jpeg\jidctint.c" />
    <ClCompile Include="CMUgraphicsLib\jpeg\jidctred.c" />
    <ClCompile Include="CMUgraphicsLib\jpeg\jmemmgr.c" />
    <ClCompile Include="CMUgraphicsLib\jpeg\jmemnobs.c" />
    <ClCompile Include="CMUgraphicsLib\jpeg\jquant1.c" />
    <ClCompile Include="CMUgraphicsLib\jpeg\jquant2.c" />
    <ClCompile Include="CMUgraphicsLib\jpeg\jutils.c" />
    <ClCompile Include="Figures\CSquare.cpp" />
    <ClCompile Include="Figures\CTriangle.cpp" />
    <ClCompile Include="Move,Delete,Clear\DeleteFigure.cpp" />
    <ClCompile Include="Figures\CFigure.cpp" />
    <ClCompile Include="Figures\CRectangle.cpp" />
    <ClCompile Include="AddFigure\AddRectAction.cpp" />
    <ClCompile Include="GUI\Input.cpp" />
    <ClCompile Include="GUI\Output.cpp" />
    <ClCompile Include="Application Manager\ApplicationManager.cpp" />
    <ClCompile Include="Save,Load\LoadAction.cpp" />
    <ClCompile Include="main.cpp" />
    <ClCompile Include="Move,Delete,Clear\Move.cpp" />
    <ClCompile Include="PlayMode\pickbyfill.cpp" />
    <ClCompile Include="PlayMode\pickbytype.cpp" />
    <ClCompile Include="Recording\PlayRecAction.cpp" />
    <ClCompile Include="Recording\RecorderAct.cpp" />
    <ClCompile Include="Undo,Redo\Redo.cpp" />
    <ClCompile Include="Save,Load\SaveAction.cpp" />
    <ClCompile Include="Select\SelectAction.cpp" />
    <ClCompile Include="Colour\setColorAction.cpp" />
    <ClCompile Include="Sounds\SoundAction.cpp" />
    <ClCompile Include="Recording\StartRecAction.cpp" />
    <ClCompile Include="Recording\StopRecAction.cpp" />
    <ClCompile Include="PlayMode\ToDraw.cpp" />
    <ClCompile Include="PlayMode\ToPlay.cpp" />
    <ClCompile Include="Undo,Redo\Undo.cpp" />
    <ClCompile Include="PlayMode\pickbyboth.cpp" />
  </ItemGroup>
  <ItemGroup>
    <ClInclude Include="Actions\ActionList.h" />
    <ClInclude Include="AddFigure\AddCircleAction.h" />
    <ClInclude Include="AddFigure\AddHexaAction.h" />
    <ClInclude Include="AddFigure\AddSquareAction.h" />
    <ClInclude Include="AddFigure\AddTriangleAction.h" />
    <ClInclude Include="Figures\CCircle.h" />
    <ClInclude Include="Figures\CHexagon.h" />
    <ClInclude Include="Move,Delete,Clear\ClearAll.h" />
    <ClInclude Include="CMUgraphicsLib\auxil.h" />
    <ClInclude Include="CMUgraphicsLib\CMUgraphics.h" />
    <ClInclude Include="CMUgraphicsLib\colors.h" />
    <ClInclude Include="CMUgraphicsLib\error.h" />
    <ClInclude Include="CMUgraphicsLib\image.h" />
    <ClInclude Include="CMUgraphicsLib\jpegload.h" />
    <ClInclude Include="CMUgraphicsLib\keyqueue.h" />
    <ClInclude Include="CMUgraphicsLib\mousequeue.h" />
    <ClInclude Include="CMUgraphicsLib\version.h" />
    <ClInclude Include="CMUgraphicsLib\windowinput.h" />
    <ClInclude Include="CMUgraphicsLib\jpeg\jconfig.h" />
    <ClInclude Include="CMUgraphicsLib\jpeg\jdct.h" />
    <ClInclude Include="CMUgraphicsLib\jpeg\jdhuff.h" />
    <ClInclude Include="CMUgraphicsLib\jpeg\jerror.h" />
    <ClInclude Include="CMUgraphicsLib\jpeg\jinclude.h" />
    <ClInclude Include="CMUgraphicsLib\jpeg\jmemsys.h" />
    <ClInclude Include="CMUgraphicsLib\jpeg\jmorecfg.h" />
    <ClInclude Include="CMUgraphicsLib\jpeg\jpegint.h" />
    <ClInclude Include="CMUgraphicsLib\jpeg\jpeglib.h" />
    <ClInclude Include="CMUgraphicsLib\jpeg\jversion.h" />
    <ClInclude Include="Figures\CSquare.h" />
    <ClInclude Include="Figures\CTriangle.h" />
    <ClInclude Include="Move,Delete,Clear\DeleteFigure.h" />
    <ClInclude Include="Colour\Draw.h" />
    <ClInclude Include="Figures\CFigure.h" />
    <ClInclude Include="Figures\CRectangle.h" />
    <ClInclude Include="Actions\Action.h" />
    <ClInclude Include="AddFigure\AddRectAction.h" />
    <ClInclude Include="Colour\Fill.h" />
    <ClInclude Include="GUI\Input.h" />
    <ClInclude Include="GUI\Output.h" />
    <ClInclude Include="GUI\UI_Info.h" />
    <ClInclude Include="Application Manager\ApplicationManager.h" />
    <ClInclude Include="DEFS.h" />
    <ClInclude Include="Save,Load\LoadAction.h" />
    <ClInclude Include="Move,Delete,Clear\Move.h" />
    <ClInclude Include="PlayMode\pickbyfill.h" />
    <ClInclude Include="PlayMode\pickbytype.h" />
    <ClInclude Include="Recording\PlayRecAction.h" />
    <ClInclude Include="Recording\RecorderAct.h" />
    <ClInclude Include="Undo,Redo\Redo.h" />
    <ClInclude Include="Save,Load\SaveAction.h" />
    <ClInclude Include="Select\SelectAction.h" />
    <ClInclude Include="Colour\setColorAction.h" />
    <ClInclude Include="Sounds\SoundAction.h" />
    <ClInclude Include="Recording\StartRecAction.h" />
    <ClInclude Include="Recording\StopRecAction.h" />
    <ClInclude Include="PlayMode\ToDraw.h" />
    <ClInclude Include="PlayMode\ToPlay.h" />
    <ClInclude Include="Undo,Redo\Undo.h" />
    <ClInclude Include="PlayMode\pickbyboth.h" />
  </ItemGroup>
  <ItemGroup>
    <None Include="ClassDiagram.cd" />
  </ItemGroup>
  <ItemGroup>
    <Media Include="Sounds\bubble.wav" />
    <Media Include="Sounds\circle.wav" />
    <Media Include="Sounds\play.wav" />
    <Media Include="Sounds\rectangle.wav" />
    <Media Include="Sounds\Hexa.wav" />
    <Media Include="Sounds\triangle.wav" />
    <Media Include="Sounds\square.wav" />
  </ItemGroup>
  <ItemGroup>
    <Image Include="images\MenuItems\SOUND.JPG" />
  </ItemGroup>
</Project>